
Microsoft Visual Studio Solution File, Format Version 10.00
# Visual Studio 2008
Project("{8BC9CEB8-8B4A-11D0-8D11-00A0C91BC942}") = "MD3 x86", "Plugin_32.vcproj", "{5EDFCBDD-CF27-4F14-B41E-D66198F6809D}"
EndProject
Project("{8BC9CEB8-8B4A-11D0-8D11-00A0C91BC942}") = "MD3 x64", "Plugin_64.vcproj", "{048E8B68-0AFA-415B-8D2A-E03680921C71}"
EndProject
Global
	GlobalSection(SolutionConfigurationPlatforms) = preSolution
		MD3 Max 2011 x64|x64 = MD3 Max 2011 x64|x64
		MD3 Max 2011|Win32 = MD3 Max 2011|Win32
		MD3 Max 2012 x64|x64 = MD3 Max 2012 x64|x64
		MD3 Max 2012|Win32 = MD3 Max 2012|Win32
		MD3 Max 7.0|Win32 = MD3 Max 7.0|Win32
	EndGlobalSection
	GlobalSection(ProjectConfigurationPlatforms) = postSolution
		{5EDFCBDD-CF27-4F14-B41E-D66198F6809D}.MD3 Max 2011|Win32.ActiveCfg = MD3 Max 2011|Win32
		{5EDFCBDD-CF27-4F14-B41E-D66198F6809D}.MD3 Max 2011|Win32.Build.0 = MD3 Max 2011|Win32
		{5EDFCBDD-CF27-4F14-B41E-D66198F6809D}.MD3 Max 2012|Win32.ActiveCfg = MD3 Max 2012|Win32
		{5EDFCBDD-CF27-4F14-B41E-D66198F6809D}.MD3 Max 2012|Win32.Build.0 = MD3 Max 2012|Win32
		{5EDFCBDD-CF27-4F14-B41E-D66198F6809D}.MD3 Max 7.0|Win32.ActiveCfg = MD3 Max 7.0|Win32
		{5EDFCBDD-CF27-4F14-B41E-D66198F6809D}.MD3 Max 7.0|Win32.Build.0 = MD3 Max 7.0|Win32
		{048E8B68-0AFA-415B-8D2A-E03680921C71}.MD3 Max 2011 x64|x64.ActiveCfg = MD3 Max 2011 x64|x64
		{048E8B68-0AFA-415B-8D2A-E03680921C71}.MD3 Max 2011 x64|x64.Build.0 = MD3 Max 2011 x64|x64
		{048E8B68-0AFA-415B-8D2A-E03680921C71}.MD3 Max 2012 x64|x64.ActiveCfg = MD3 Max 2012 x64|x64
		{048E8B68-0AFA-415B-8D2A-E03680921C71}.MD3 Max 2012 x64|x64.Build.0 = MD3 Max 2012 x64|x64
		{048E8B68-0AFA-415B-8D2A-E03680921C71}.MD3 Max 2012|x64.ActiveCfg = MD3 Max 2012 x64|x64
		{048E8B68-0AFA-415B-8D2A-E03680921C71}.MD3 Max 2012|x64.Build.0 = MD3 Max 2012 x64|x64
	EndGlobalSection
	GlobalSection(SolutionProperties) = preSolution
		HideSolutionNode = FALSE
	EndGlobalSection
EndGlobal
